
Microsoft Visual Studio Solution File, Format Version 12.00
# Visual Studio Version 17
VisualStudioVersion = 17.1.32421.90
MinimumVisualStudioVersion = 10.0.40219.1
Project("{FAE04EC0-301F-11D3-BF4B-00C04F79EFBC}") = "P03_SalesDatabase", "P03_SalesDatabase\P03_SalesDatabase.csproj", "{C8CBE81C-5903-4C55-96EA-D8C45F3C6DEE}"
EndProject
Global
	GlobalSection(SolutionConfigurationPlatforms) = preSolution
		Debug|Any CPU = Debug|Any CPU
		Release|Any CPU = Release|Any CPU
	EndGlobalSection
	GlobalSection(ProjectConfigurationPlatforms) = postSolution
		{C8CBE81C-5903-4C55-96EA-D8C45F3C6DEE}.Debug|Any CPU.ActiveCfg = Debug|Any CPU
		{C8CBE81C-5903-4C55-96EA-D8C45F3C6DEE}.Debug|Any CPU.Build.0 = Debug|Any CPU
		{C8CBE81C-5903-4C55-96EA-D8C45F3C6DEE}.Release|Any CPU.ActiveCfg = Release|Any CPU
		{C8CBE81C-5903-4C55-96EA-D8C45F3C6DEE}.Release|Any CPU.Build.0 = Release|Any CPU
	EndGlobalSection
	GlobalSection(SolutionProperties) = preSolution
		HideSolutionNode = FALSE
	EndGlobalSection
	GlobalSection(ExtensibilityGlobals) = postSolution
		SolutionGuid = {3F350F90-91AE-44F7-A254-5238D2275A91}
	EndGlobalSection
EndGlobal
