
Microsoft Visual Studio Solution File, Format Version 12.00
# Visual Studio Version 17
VisualStudioVersion = 17.1.32421.90
MinimumVisualStudioVersion = 10.0.40219.1
Project("{2150E333-8FDC-42A3-9474-1A3956D46DE8}") = "Database First", "Database First", "{84675F42-868B-4076-984A-FD84EFBF7543}"
EndProject
Project("{FAE04EC0-301F-11D3-BF4B-00C04F79EFBC}") = "Database First", "Database First\Database First.csproj", "{3F2BFAB1-1B6A-485F-B179-65DCDDDCED05}"
EndProject
Global
	GlobalSection(SolutionConfigurationPlatforms) = preSolution
		Debug|Any CPU = Debug|Any CPU
		Release|Any CPU = Release|Any CPU
	EndGlobalSection
	GlobalSection(ProjectConfigurationPlatforms) = postSolution
		{3F2BFAB1-1B6A-485F-B179-65DCDDDCED05}.Debug|Any CPU.ActiveCfg = Debug|Any CPU
		{3F2BFAB1-1B6A-485F-B179-65DCDDDCED05}.Debug|Any CPU.Build.0 = Debug|Any CPU
		{3F2BFAB1-1B6A-485F-B179-65DCDDDCED05}.Release|Any CPU.ActiveCfg = Release|Any CPU
		{3F2BFAB1-1B6A-485F-B179-65DCDDDCED05}.Release|Any CPU.Build.0 = Release|Any CPU
	EndGlobalSection
	GlobalSection(SolutionProperties) = preSolution
		HideSolutionNode = FALSE
	EndGlobalSection
	GlobalSection(NestedProjects) = preSolution
		{3F2BFAB1-1B6A-485F-B179-65DCDDDCED05} = {84675F42-868B-4076-984A-FD84EFBF7543}
	EndGlobalSection
	GlobalSection(ExtensibilityGlobals) = postSolution
		SolutionGuid = {9124791B-8C7B-47A6-B4FE-5F29A5B5B32A}
	EndGlobalSection
EndGlobal
